// !$*UTF8*$!
{
	archiveVersion = 1;
	classes = {
	};
	objectVersion = 56;
	objects = {

/* Begin PBXBuildFile section */
		AB5358BC29B815500005DCEB /* MagicExt-OIDC in Frameworks */ = {isa = PBXBuildFile; productRef = AB5358BB29B815500005DCEB /* MagicExt-OIDC */; };
		AB5358BE29B816DA0005DCEB /* MagicExt-OAuth in Frameworks */ = {isa = PBXBuildFile; productRef = AB5358BD29B816DA0005DCEB /* MagicExt-OAuth */; };
		AB5D018529B7FAC3001425E4 /* MagicSDK in Frameworks */ = {isa = PBXBuildFile; productRef = AB5D018429B7FAC3001425E4 /* MagicSDK */; };
		ABCB4BDE297F4B5000A422A5 /* SimpleIOSMagicAppApp.swift in Sources */ = {isa = PBXBuildFile; fileRef = ABCB4BDD297F4B5000A422A5 /* SimpleIOSMagicAppApp.swift */; };
		ABCB4BE0297F4B5000A422A5 /* ContentView.swift in Sources */ = {isa = PBXBuildFile; fileRef = ABCB4BDF297F4B5000A422A5 /* ContentView.swift */; };
		ABCB4BE2297F4B5100A422A5 /* Assets.xcassets in Resources */ = {isa = PBXBuildFile; fileRef = ABCB4BE1297F4B5100A422A5 /* Assets.xcassets */; };
		ABCB4BE6297F4B5100A422A5 /* Preview Assets.xcassets in Resources */ = {isa = PBXBuildFile; fileRef = ABCB4BE5297F4B5100A422A5 /* Preview Assets.xcassets */; };
/* End PBXBuildFile section */

/* Begin PBXFileReference section */
		ABCB4BDA297F4B5000A422A5 /* SimpleIOSMagicApp.app */ = {isa = PBXFileReference; explicitFileType = wrapper.application; includeInIndex = 0; path = SimpleIOSMagicApp.app; sourceTree = BUILT_PRODUCTS_DIR; };
		ABCB4BDD297F4B5000A422A5 /* SimpleIOSMagicAppApp.swift */ = {isa = PBXFileReference; lastKnownFileType = sourcecode.swift; path = SimpleIOSMagicAppApp.swift; sourceTree = "<group>"; };
		ABCB4BDF297F4B5000A422A5 /* ContentView.swift */ = {isa = PBXFileReference; lastKnownFileType = sourcecode.swift; path = ContentView.swift; sourceTree = "<group>"; };
		ABCB4BE1297F4B5100A422A5 /* Assets.xcassets */ = {isa = PBXFileReference; lastKnownFileType = folder.assetcatalog; path = Assets.xcassets; sourceTree = "<group>"; };
		ABCB4BE3297F4B5100A422A5 /* SimpleIOSMagicApp.entitlements */ = {isa = PBXFileReference; lastKnownFileType = text.plist.entitlements; path = SimpleIOSMagicApp.entitlements; sourceTree = "<group>"; };
		ABCB4BE5297F4B5100A422A5 /* Preview Assets.xcassets */ = {isa = PBXFileReference; lastKnownFileType = folder.assetcatalog; path = "Preview Assets.xcassets"; sourceTree = "<group>"; };
/* End PBXFileReference section */

/* Begin PBXFrameworksBuildPhase section */
		ABCB4BD7297F4B5000A422A5 /* Frameworks */ = {
			isa = PBXFrameworksBuildPhase;
			buildActionMask = 2147483647;
			files = (
				AB5358BE29B816DA0005DCEB /* MagicExt-OAuth in Frameworks */,
				AB5D018529B7FAC3001425E4 /* MagicSDK in Frameworks */,
				AB5358BC29B815500005DCEB /* MagicExt-OIDC in Frameworks */,
			);
			runOnlyForDeploymentPostprocessing = 0;
		};
/* End PBXFrameworksBuildPhase section */

/* Begin PBXGroup section */
		AB5358BA29B815500005DCEB /* Frameworks */ = {
			isa = PBXGroup;
			children = (
			);
			name = Frameworks;
			sourceTree = "<group>";
		};
		ABCB4BD1297F4B5000A422A5 = {
			isa = PBXGroup;
			children = (
				ABCB4BDC297F4B5000A422A5 /* SimpleIOSMagicApp */,
				ABCB4BDB297F4B5000A422A5 /* Products */,
				AB5358BA29B815500005DCEB /* Frameworks */,
			);
			sourceTree = "<group>";
		};
		ABCB4BDB297F4B5000A422A5 /* Products */ = {
			isa = PBXGroup;
			children = (
				ABCB4BDA297F4B5000A422A5 /* SimpleIOSMagicApp.app */,
			);
			name = Products;
			sourceTree = "<group>";
		};
		ABCB4BDC297F4B5000A422A5 /* SimpleIOSMagicApp */ = {
			isa = PBXGroup;
			children = (
				ABCB4BDD297F4B5000A422A5 /* SimpleIOSMagicAppApp.swift */,
				ABCB4BDF297F4B5000A422A5 /* ContentView.swift */,
				ABCB4BE1297F4B5100A422A5 /* Assets.xcassets */,
				ABCB4BE3297F4B5100A422A5 /* SimpleIOSMagicApp.entitlements */,
				ABCB4BE4297F4B5100A422A5 /* Preview Content */,
			);
			path = SimpleIOSMagicApp;
			sourceTree = "<group>";
		};
		ABCB4BE4297F4B5100A422A5 /* Preview Content */ = {
			isa = PBXGroup;
			children = (
				ABCB4BE5297F4B5100A422A5 /* Preview Assets.xcassets */,
			);
			path = "Preview Content";
			sourceTree = "<group>";
		};
/* End PBXGroup section */

/* Begin PBXNativeTarget section */
		ABCB4BD9297F4B5000A422A5 /* SimpleIOSMagicApp */ = {
			isa = PBXNativeTarget;
			buildConfigurationList = ABCB4BE9297F4B5100A422A5 /* Build configuration list for PBXNativeTarget "SimpleIOSMagicApp" */;
			buildPhases = (
				ABCB4BD6297F4B5000A422A5 /* Sources */,
				ABCB4BD7297F4B5000A422A5 /* Frameworks */,
				ABCB4BD8297F4B5000A422A5 /* Resources */,
			);
			buildRules = (
			);
			dependencies = (
			);
			name = SimpleIOSMagicApp;
			packageProductDependencies = (
				AB5D018429B7FAC3001425E4 /* MagicSDK */,
				AB5358BB29B815500005DCEB /* MagicExt-OIDC */,
				AB5358BD29B816DA0005DCEB /* MagicExt-OAuth */,
			);
			productName = SimpleIOSMagicApp;
			productReference = ABCB4BDA297F4B5000A422A5 /* SimpleIOSMagicApp.app */;
			productType = "com.apple.product-type.application";
		};
/* End PBXNativeTarget section */

/* Begin PBXProject section */
		ABCB4BD2297F4B5000A422A5 /* Project object */ = {
			isa = PBXProject;
			attributes = {
				BuildIndependentTargetsInParallel = 1;
				LastSwiftUpdateCheck = 1420;
				LastUpgradeCheck = 1420;
				TargetAttributes = {
					ABCB4BD9297F4B5000A422A5 = {
						CreatedOnToolsVersion = 14.2;
					};
				};
			};
			buildConfigurationList = ABCB4BD5297F4B5000A422A5 /* Build configuration list for PBXProject "SimpleIOSMagicApp" */;
			compatibilityVersion = "Xcode 14.0";
			developmentRegion = en;
			hasScannedForEncodings = 0;
			knownRegions = (
				en,
				Base,
			);
			mainGroup = ABCB4BD1297F4B5000A422A5;
			packageReferences = (
				ABCDB48929B6812A000076B0 /* XCRemoteSwiftPackageReference "magic-ios-ext" */,
				AB5D018329B7FAC3001425E4 /* XCRemoteSwiftPackageReference "magic-ios" */,
			);
			productRefGroup = ABCB4BDB297F4B5000A422A5 /* Products */;
			projectDirPath = "";
			projectRoot = "";
			targets = (
				ABCB4BD9297F4B5000A422A5 /* SimpleIOSMagicApp */,
			);
		};
/* End PBXProject section */

/* Begin PBXResourcesBuildPhase section */
		ABCB4BD8297F4B5000A422A5 /* Resources */ = {
			isa = PBXResourcesBuildPhase;
			buildActionMask = 2147483647;
			files = (
				ABCB4BE6297F4B5100A422A5 /* Preview Assets.xcassets in Resources */,
				ABCB4BE2297F4B5100A422A5 /* Assets.xcassets in Resources */,
			);
			runOnlyForDeploymentPostprocessing = 0;
		};
/* End PBXResourcesBuildPhase section */

/* Begin PBXSourcesBuildPhase section */
		ABCB4BD6297F4B5000A422A5 /* Sources */ = {
			isa = PBXSourcesBuildPhase;
			buildActionMask = 2147483647;
			files = (
				ABCB4BE0297F4B5000A422A5 /* ContentView.swift in Sources */,
				ABCB4BDE297F4B5000A422A5 /* SimpleIOSMagicAppApp.swift in Sources */,
			);
			runOnlyForDeploymentPostprocessing = 0;
		};
/* End PBXSourcesBuildPhase section */

/* Begin XCBuildConfiguration section */
		ABCB4BE7297F4B5100A422A5 /* Debug */ = {
			isa = XCBuildConfiguration;
			buildSettings = {
				ALWAYS_SEARCH_USER_PATHS = NO;
				CLANG_ANALYZER_NONNULL = YES;
				CLANG_ANALYZER_NUMBER_OBJECT_CONVERSION = YES_AGGRESSIVE;
				CLANG_CXX_LANGUAGE_STANDARD = "gnu++20";
				CLANG_ENABLE_MODULES = YES;
				CLANG_ENABLE_OBJC_ARC = YES;
				CLANG_ENABLE_OBJC_WEAK = YES;
				CLANG_WARN_BLOCK_CAPTURE_AUTORELEASING = YES;
				CLANG_WARN_BOOL_CONVERSION = YES;
				CLANG_WARN_COMMA = YES;
				CLANG_WARN_CONSTANT_CONVERSION = YES;
				CLANG_WARN_DEPRECATED_OBJC_IMPLEMENTATIONS = YES;
				CLANG_WARN_DIRECT_OBJC_ISA_USAGE = YES_ERROR;
				CLANG_WARN_DOCUMENTATION_COMMENTS = YES;
				CLANG_WARN_EMPTY_BODY = YES;
				CLANG_WARN_ENUM_CONVERSION = YES;
				CLANG_WARN_INFINITE_RECURSION = YES;
				CLANG_WARN_INT_CONVERSION = YES;
				CLANG_WARN_NON_LITERAL_NULL_CONVERSION = YES;
				CLANG_WARN_OBJC_IMPLICIT_RETAIN_SELF = YES;
				CLANG_WARN_OBJC_LITERAL_CONVERSION = YES;
				CLANG_WARN_OBJC_ROOT_CLASS = YES_ERROR;
				CLANG_WARN_QUOTED_INCLUDE_IN_FRAMEWORK_HEADER = YES;
				CLANG_WARN_RANGE_LOOP_ANALYSIS = YES;
				CLANG_WARN_STRICT_PROTOTYPES = YES;
				CLANG_WARN_SUSPICIOUS_MOVE = YES;
				CLANG_WARN_UNGUARDED_AVAILABILITY = YES_AGGRESSIVE;
				CLANG_WARN_UNREACHABLE_CODE = YES;
				CLANG_WARN__DUPLICATE_METHOD_MATCH = YES;
				COPY_PHASE_STRIP = NO;
				DEBUG_INFORMATION_FORMAT = dwarf;
				ENABLE_STRICT_OBJC_MSGSEND = YES;
				ENABLE_TESTABILITY = YES;
				GCC_C_LANGUAGE_STANDARD = gnu11;
				GCC_DYNAMIC_NO_PIC = NO;
				GCC_NO_COMMON_BLOCKS = YES;
				GCC_OPTIMIZATION_LEVEL = 0;
				GCC_PREPROCESSOR_DEFINITIONS = (
					"DEBUG=1",
					"$(inherited)",
				);
				GCC_WARN_64_TO_32_BIT_CONVERSION = YES;
				GCC_WARN_ABOUT_RETURN_TYPE = YES_ERROR;
				GCC_WARN_UNDECLARED_SELECTOR = YES;
				GCC_WARN_UNINITIALIZED_AUTOS = YES_AGGRESSIVE;
				GCC_WARN_UNUSED_FUNCTION = YES;
				GCC_WARN_UNUSED_VARIABLE = YES;
				MTL_ENABLE_DEBUG_INFO = INCLUDE_SOURCE;
				MTL_FAST_MATH = YES;
				ONLY_ACTIVE_ARCH = YES;
				SWIFT_ACTIVE_COMPILATION_CONDITIONS = DEBUG;
				SWIFT_OPTIMIZATION_LEVEL = "-Onone";
			};
			name = Debug;
		};
		ABCB4BE8297F4B5100A422A5 /* Release */ = {
			isa = XCBuildConfiguration;
			buildSettings = {
				ALWAYS_SEARCH_USER_PATHS = NO;
				CLANG_ANALYZER_NONNULL = YES;
				CLANG_ANALYZER_NUMBER_OBJECT_CONVERSION = YES_AGGRESSIVE;
				CLANG_CXX_LANGUAGE_STANDARD = "gnu++20";
				CLANG_ENABLE_MODULES = YES;
				CLANG_ENABLE_OBJC_ARC = YES;
				CLANG_ENABLE_OBJC_WEAK = YES;
				CLANG_WARN_BLOCK_CAPTURE_AUTORELEASING = YES;
				CLANG_WARN_BOOL_CONVERSION = YES;
				CLANG_WARN_COMMA = YES;
				CLANG_WARN_CONSTANT_CONVERSION = YES;
				CLANG_WARN_DEPRECATED_OBJC_IMPLEMENTATIONS = YES;
				CLANG_WARN_DIRECT_OBJC_ISA_USAGE = YES_ERROR;
				CLANG_WARN_DOCUMENTATION_COMMENTS = YES;
				CLANG_WARN_EMPTY_BODY = YES;
				CLANG_WARN_ENUM_CONVERSION = YES;
				CLANG_WARN_INFINITE_RECURSION = YES;
				CLANG_WARN_INT_CONVERSION = YES;
				CLANG_WARN_NON_LITERAL_NULL_CONVERSION = YES;
				CLANG_WARN_OBJC_IMPLICIT_RETAIN_SELF = YES;
				CLANG_WARN_OBJC_LITERAL_CONVERSION = YES;
				CLANG_WARN_OBJC_ROOT_CLASS = YES_ERROR;
				CLANG_WARN_QUOTED_INCLUDE_IN_FRAMEWORK_HEADER = YES;
				CLANG_WARN_RANGE_LOOP_ANALYSIS = YES;
				CLANG_WARN_STRICT_PROTOTYPES = YES;
				CLANG_WARN_SUSPICIOUS_MOVE = YES;
				CLANG_WARN_UNGUARDED_AVAILABILITY = YES_AGGRESSIVE;
				CLANG_WARN_UNREACHABLE_CODE = YES;
				CLANG_WARN__DUPLICATE_METHOD_MATCH = YES;
				COPY_PHASE_STRIP = NO;
				DEBUG_INFORMATION_FORMAT = "dwarf-with-dsym";
				ENABLE_NS_ASSERTIONS = NO;
				ENABLE_STRICT_OBJC_MSGSEND = YES;
				GCC_C_LANGUAGE_STANDARD = gnu11;
				GCC_NO_COMMON_BLOCKS = YES;
				GCC_WARN_64_TO_32_BIT_CONVERSION = YES;
				GCC_WARN_ABOUT_RETURN_TYPE = YES_ERROR;
				GCC_WARN_UNDECLARED_SELECTOR = YES;
				GCC_WARN_UNINITIALIZED_AUTOS = YES_AGGRESSIVE;
				GCC_WARN_UNUSED_FUNCTION = YES;
				GCC_WARN_UNUSED_VARIABLE = YES;
				MTL_ENABLE_DEBUG_INFO = NO;
				MTL_FAST_MATH = YES;
				SWIFT_COMPILATION_MODE = wholemodule;
				SWIFT_OPTIMIZATION_LEVEL = "-O";
			};
			name = Release;
		};
		ABCB4BEA297F4B5100A422A5 /* Debug */ = {
			isa = XCBuildConfiguration;
			buildSettings = {
				ASSETCATALOG_COMPILER_APPICON_NAME = AppIcon;
				ASSETCATALOG_COMPILER_GLOBAL_ACCENT_COLOR_NAME = AccentColor;
				CODE_SIGN_ENTITLEMENTS = SimpleIOSMagicApp/SimpleIOSMagicApp.entitlements;
				CODE_SIGN_STYLE = Automatic;
				CURRENT_PROJECT_VERSION = 1;
				DEVELOPMENT_ASSET_PATHS = "\"SimpleIOSMagicApp/Preview Content\"";
				DEVELOPMENT_TEAM = 63MFVF97MU;
				ENABLE_HARDENED_RUNTIME = YES;
				ENABLE_PREVIEWS = YES;
				GENERATE_INFOPLIST_FILE = YES;
				"INFOPLIST_KEY_UIApplicationSceneManifest_Generation[sdk=iphoneos*]" = YES;
				"INFOPLIST_KEY_UIApplicationSceneManifest_Generation[sdk=iphonesimulator*]" = YES;
				"INFOPLIST_KEY_UIApplicationSupportsIndirectInputEvents[sdk=iphoneos*]" = YES;
				"INFOPLIST_KEY_UIApplicationSupportsIndirectInputEvents[sdk=iphonesimulator*]" = YES;
				"INFOPLIST_KEY_UILaunchScreen_Generation[sdk=iphoneos*]" = YES;
				"INFOPLIST_KEY_UILaunchScreen_Generation[sdk=iphonesimulator*]" = YES;
				"INFOPLIST_KEY_UIStatusBarStyle[sdk=iphoneos*]" = UIStatusBarStyleDefault;
				"INFOPLIST_KEY_UIStatusBarStyle[sdk=iphonesimulator*]" = UIStatusBarStyleDefault;
				INFOPLIST_KEY_UISupportedInterfaceOrientations_iPad = "UIInterfaceOrientationPortrait UIInterfaceOrientationPortraitUpsideDown UIInterfaceOrientationLandscapeLeft UIInterfaceOrientationLandscapeRight";
				INFOPLIST_KEY_UISupportedInterfaceOrientations_iPhone = "UIInterfaceOrientationPortrait UIInterfaceOrientationLandscapeLeft UIInterfaceOrientationLandscapeRight";
				IPHONEOS_DEPLOYMENT_TARGET = 16.2;
				LD_RUNPATH_SEARCH_PATHS = "@executable_path/Frameworks";
				"LD_RUNPATH_SEARCH_PATHS[sdk=macosx*]" = "@executable_path/../Frameworks";
				MACOSX_DEPLOYMENT_TARGET = 13.1;
				MARKETING_VERSION = 1.0;
				PRODUCT_BUNDLE_IDENTIFIER = com.magic.SimpleIOSMagicApp;
				PRODUCT_NAME = "$(TARGET_NAME)";
				SDKROOT = auto;
				SUPPORTED_PLATFORMS = "iphoneos iphonesimulator macosx";
				SWIFT_EMIT_LOC_STRINGS = YES;
				SWIFT_VERSION = 5.0;
				TARGETED_DEVICE_FAMILY = "1,2";
			};
			name = Debug;
		};
		ABCB4BEB297F4B5100A422A5 /* Release */ = {
			isa = XCBuildConfiguration;
			buildSettings = {
				ASSETCATALOG_COMPILER_APPICON_NAME = AppIcon;
				ASSETCATALOG_COMPILER_GLOBAL_ACCENT_COLOR_NAME = AccentColor;
				CODE_SIGN_ENTITLEMENTS = SimpleIOSMagicApp/SimpleIOSMagicApp.entitlements;
				CODE_SIGN_STYLE = Automatic;
				CURRENT_PROJECT_VERSION = 1;
				DEVELOPMENT_ASSET_PATHS = "\"SimpleIOSMagicApp/Preview Content\"";
				DEVELOPMENT_TEAM = 63MFVF97MU;
				ENABLE_HARDENED_RUNTIME = YES;
				ENABLE_PREVIEWS = YES;
				GENERATE_INFOPLIST_FILE = YES;
				"INFOPLIST_KEY_UIApplicationSceneManifest_Generation[sdk=iphoneos*]" = YES;
				"INFOPLIST_KEY_UIApplicationSceneManifest_Generation[sdk=iphonesimulator*]" = YES;
				"INFOPLIST_KEY_UIApplicationSupportsIndirectInputEvents[sdk=iphoneos*]" = YES;
				"INFOPLIST_KEY_UIApplicationSupportsIndirectInputEvents[sdk=iphonesimulator*]" = YES;
				"INFOPLIST_KEY_UILaunchScreen_Generation[sdk=iphoneos*]" = YES;
				"INFOPLIST_KEY_UILaunchScreen_Generation[sdk=iphonesimulator*]" = YES;
				"INFOPLIST_KEY_UIStatusBarStyle[sdk=iphoneos*]" = UIStatusBarStyleDefault;
				"INFOPLIST_KEY_UIStatusBarStyle[sdk=iphonesimulator*]" = UIStatusBarStyleDefault;
				INFOPLIST_KEY_UISupportedInterfaceOrientations_iPad = "UIInterfaceOrientationPortrait UIInterfaceOrientationPortraitUpsideDown UIInterfaceOrientationLandscapeLeft UIInterfaceOrientationLandscapeRight";
				INFOPLIST_KEY_UISupportedInterfaceOrientations_iPhone = "UIInterfaceOrientationPortrait UIInterfaceOrientationLandscapeLeft UIInterfaceOrientationLandscapeRight";
				IPHONEOS_DEPLOYMENT_TARGET = 16.2;
				LD_RUNPATH_SEARCH_PATHS = "@executable_path/Frameworks";
				"LD_RUNPATH_SEARCH_PATHS[sdk=macosx*]" = "@executable_path/../Frameworks";
				MACOSX_DEPLOYMENT_TARGET = 13.1;
				MARKETING_VERSION = 1.0;
				PRODUCT_BUNDLE_IDENTIFIER = com.magic.SimpleIOSMagicApp;
				PRODUCT_NAME = "$(TARGET_NAME)";
				SDKROOT = auto;
				SUPPORTED_PLATFORMS = "iphoneos iphonesimulator macosx";
				SWIFT_EMIT_LOC_STRINGS = YES;
				SWIFT_VERSION = 5.0;
				TARGETED_DEVICE_FAMILY = "1,2";
			};
			name = Release;
		};
/* End XCBuildConfiguration section */

/* Begin XCConfigurationList section */
		ABCB4BD5297F4B5000A422A5 /* Build configuration list for PBXProject "SimpleIOSMagicApp" */ = {
			isa = XCConfigurationList;
			buildConfigurations = (
				ABCB4BE7297F4B5100A422A5 /* Debug */,
				ABCB4BE8297F4B5100A422A5 /* Release */,
			);
			defaultConfigurationIsVisible = 0;
			defaultConfigurationName = Release;
		};
		ABCB4BE9297F4B5100A422A5 /* Build configuration list for PBXNativeTarget "SimpleIOSMagicApp" */ = {
			isa = XCConfigurationList;
			buildConfigurations = (
				ABCB4BEA297F4B5100A422A5 /* Debug */,
				ABCB4BEB297F4B5100A422A5 /* Release */,
			);
			defaultConfigurationIsVisible = 0;
			defaultConfigurationName = Release;
		};
/* End XCConfigurationList section */

/* Begin XCRemoteSwiftPackageReference section */
		AB5D018329B7FAC3001425E4 /* XCRemoteSwiftPackageReference "magic-ios" */ = {
			isa = XCRemoteSwiftPackageReference;
			repositoryURL = "https://github.com/magiclabs/magic-ios";
			requirement = {
				kind = upToNextMajorVersion;
				minimumVersion = 8.0.0;
			};
		};
		ABCDB48929B6812A000076B0 /* XCRemoteSwiftPackageReference "magic-ios-ext" */ = {
			isa = XCRemoteSwiftPackageReference;
			repositoryURL = "https://github.com/magiclabs/magic-ios-ext";
			requirement = {
				kind = upToNextMajorVersion;
				minimumVersion = 2.0.0;
			};
		};
/* End XCRemoteSwiftPackageReference section */

/* Begin XCSwiftPackageProductDependency section */
		AB5358BB29B815500005DCEB /* MagicExt-OIDC */ = {
			isa = XCSwiftPackageProductDependency;
			package = ABCDB48929B6812A000076B0 /* XCRemoteSwiftPackageReference "magic-ios-ext" */;
			productName = "MagicExt-OIDC";
		};
		AB5358BD29B816DA0005DCEB /* MagicExt-OAuth */ = {
			isa = XCSwiftPackageProductDependency;
			package = ABCDB48929B6812A000076B0 /* XCRemoteSwiftPackageReference "magic-ios-ext" */;
			productName = "MagicExt-OAuth";
		};
		AB5D018429B7FAC3001425E4 /* MagicSDK */ = {
			isa = XCSwiftPackageProductDependency;
			package = AB5D018329B7FAC3001425E4 /* XCRemoteSwiftPackageReference "magic-ios" */;
			productName = MagicSDK;
		};
/* End XCSwiftPackageProductDependency section */
	};
	rootObject = ABCB4BD2297F4B5000A422A5 /* Project object */;
}
